
Microsoft Visual Studio Solution File, Format Version 11.00
# Visual Basic Express 2010
Project("{F184B08F-C81C-45F6-A57F-5ABD9991F28F}") = "Mkey", "Mkey.vbproj", "{A774D4B5-9369-4F3A-895A-591B0DA75D4C}"
EndProject
Global
	GlobalSection(SolutionConfigurationPlatforms) = preSolution
		Debug|Any CPU = Debug|Any CPU
		Release|Any CPU = Release|Any CPU
	EndGlobalSection
	GlobalSection(ProjectConfigurationPlatforms) = postSolution
		{A774D4B5-9369-4F3A-895A-591B0DA75D4C}.Debug|Any CPU.ActiveCfg = Debug|Any CPU
		{A774D4B5-9369-4F3A-895A-591B0DA75D4C}.Debug|Any CPU.Build.0 = Debug|Any CPU
		{A774D4B5-9369-4F3A-895A-591B0DA75D4C}.Release|Any CPU.ActiveCfg = Release|Any CPU
		{A774D4B5-9369-4F3A-895A-591B0DA75D4C}.Release|Any CPU.Build.0 = Release|Any CPU
	EndGlobalSection
	GlobalSection(SolutionProperties) = preSolution
		HideSolutionNode = FALSE
	EndGlobalSection
EndGlobal
